Microsoft Visual Studio Solution File, Format Version 8.00
Project("{FAE04EC0-301F-11D3-BF4B-00C04F79EFBC}") = "MatroskaInfoNET", "MatroskaInfoNET.csproj", "{0CD6AE51-B2C9-48F8-8F42-B93DC7033CB4}"
	ProjectSection(ProjectDependencies) = postProject
	EndProjectSection
EndProject
Global
	GlobalSection(SolutionConfiguration) = preSolution
		Debug = Debug
		Release = Release
	EndGlobalSection
	GlobalSection(ProjectConfiguration) = postSolution
		{0CD6AE51-B2C9-48F8-8F42-B93DC7033CB4}.Debug.ActiveCfg = Debug|.NET
		{0CD6AE51-B2C9-48F8-8F42-B93DC7033CB4}.Debug.Build.0 = Debug|.NET
		{0CD6AE51-B2C9-48F8-8F42-B93DC7033CB4}.Release.ActiveCfg = Release|.NET
		{0CD6AE51-B2C9-48F8-8F42-B93DC7033CB4}.Release.Build.0 = Release|.NET
	EndGlobalSection
	GlobalSection(ExtensibilityGlobals) = postSolution
	EndGlobalSection
	GlobalSection(ExtensibilityAddIns) = postSolution
	EndGlobalSection
EndGlobal
